
Microsoft Visual Studio Solution File, Format Version 12.00
# Visual Studio 15
VisualStudioVersion = 15.0.28307.102
MinimumVisualStudioVersion = 10.0.40219.1
Project("{FAE04EC0-301F-11D3-BF4B-00C04F79EFBC}") = "BeerClient", "BeerClient\BeerClient.csproj", "{BDA8F656-723B-4373-97D2-7069FBCF0CBC}"
EndProject
Global
	GlobalSection(SolutionConfigurationPlatforms) = preSolution
		Debug|Any CPU = Debug|Any CPU
		Release|Any CPU = Release|Any CPU
	EndGlobalSection
	GlobalSection(ProjectConfigurationPlatforms) = postSolution
		{BDA8F656-723B-4373-97D2-7069FBCF0CBC}.Debug|Any CPU.ActiveCfg = Debug|Any CPU
		{BDA8F656-723B-4373-97D2-7069FBCF0CBC}.Debug|Any CPU.Build.0 = Debug|Any CPU
		{BDA8F656-723B-4373-97D2-7069FBCF0CBC}.Release|Any CPU.ActiveCfg = Release|Any CPU
		{BDA8F656-723B-4373-97D2-7069FBCF0CBC}.Release|Any CPU.Build.0 = Release|Any CPU
	EndGlobalSection
	GlobalSection(SolutionProperties) = preSolution
		HideSolutionNode = FALSE
	EndGlobalSection
	GlobalSection(ExtensibilityGlobals) = postSolution
		SolutionGuid = {E903F39C-D376-4BD9-B4D4-40D9C0595918}
	EndGlobalSection
EndGlobal
