
Microsoft Visual Studio Solution File, Format Version 12.00
# Visual Studio 14
VisualStudioVersion = 14.0.25420.1
MinimumVisualStudioVersion = 10.0.40219.1
Project("{FAE04EC0-301F-11D3-BF4B-00C04F79EFBC}") = "authentication", "authentication\authentication.csproj", "{28067C72-6E50-4EC9-9E94-78E5E38EDBBB}"
EndProject
Project("{FAE04EC0-301F-11D3-BF4B-00C04F79EFBC}") = "authentication.Tests", "authentication.Tests\authentication.Tests.csproj", "{C9F32B79-095E-4399-B4D1-5959FC12B261}"
EndProject
Global
	GlobalSection(SolutionConfigurationPlatforms) = preSolution
		Debug|Any CPU = Debug|Any CPU
		Release|Any CPU = Release|Any CPU
	EndGlobalSection
	GlobalSection(ProjectConfigurationPlatforms) = postSolution
		{28067C72-6E50-4EC9-9E94-78E5E38EDBBB}.Debug|Any CPU.ActiveCfg = Debug|Any CPU
		{28067C72-6E50-4EC9-9E94-78E5E38EDBBB}.Debug|Any CPU.Build.0 = Debug|Any CPU
		{28067C72-6E50-4EC9-9E94-78E5E38EDBBB}.Release|Any CPU.ActiveCfg = Release|Any CPU
		{28067C72-6E50-4EC9-9E94-78E5E38EDBBB}.Release|Any CPU.Build.0 = Release|Any CPU
		{C9F32B79-095E-4399-B4D1-5959FC12B261}.Debug|Any CPU.ActiveCfg = Debug|Any CPU
		{C9F32B79-095E-4399-B4D1-5959FC12B261}.Debug|Any CPU.Build.0 = Debug|Any CPU
		{C9F32B79-095E-4399-B4D1-5959FC12B261}.Release|Any CPU.ActiveCfg = Release|Any CPU
		{C9F32B79-095E-4399-B4D1-5959FC12B261}.Release|Any CPU.Build.0 = Release|Any CPU
	EndGlobalSection
	GlobalSection(SolutionProperties) = preSolution
		HideSolutionNode = FALSE
	EndGlobalSection
EndGlobal
